
Microsoft Visual Studio Solution File, Format Version 12.00
# Visual Studio Version 17
VisualStudioVersion = 17.4.33213.308
MinimumVisualStudioVersion = 10.0.40219.1
Project("{FAE04EC0-301F-11D3-BF4B-00C04F79EFBC}") = "speccy2", "speccy2.csproj", "{8D4117ED-4582-4B4F-8FED-8B7C08F59844}"
EndProject
Global
	GlobalSection(SolutionConfigurationPlatforms) = preSolution
		Debug|Any CPU = Debug|Any CPU
		Release|Any CPU = Release|Any CPU
	EndGlobalSection
	GlobalSection(ProjectConfigurationPlatforms) = postSolution
		{8D4117ED-4582-4B4F-8FED-8B7C08F59844}.Debug|Any CPU.ActiveCfg = Debug|Any CPU
		{8D4117ED-4582-4B4F-8FED-8B7C08F59844}.Debug|Any CPU.Build.0 = Debug|Any CPU
		{8D4117ED-4582-4B4F-8FED-8B7C08F59844}.Release|Any CPU.ActiveCfg = Release|Any CPU
		{8D4117ED-4582-4B4F-8FED-8B7C08F59844}.Release|Any CPU.Build.0 = Release|Any CPU
	EndGlobalSection
	GlobalSection(SolutionProperties) = preSolution
		HideSolutionNode = FALSE
	EndGlobalSection
	GlobalSection(ExtensibilityGlobals) = postSolution
		SolutionGuid = {B6C3C74D-A64B-415A-83E4-DFED27F44FC2}
	EndGlobalSection
EndGlobal
